// !$*UTF8*$!
{
	archiveVersion = 1;
	classes = {
	};
	objectVersion = 56;
	objects = {

/* Begin PBXBuildFile section */
		AA000001 /* IllusionApp.swift in Sources */ = {isa = PBXBuildFile; fileRef = AA100001 /* IllusionApp.swift */; };
		AA000002 /* AppDelegate.swift in Sources */ = {isa = PBXBuildFile; fileRef = AA100002 /* AppDelegate.swift */; };
		AA000003 /* MirrorRegion.swift in Sources */ = {isa = PBXBuildFile; fileRef = AA100003 /* MirrorRegion.swift */; };
		AA000004 /* CGRect+Extensions.swift in Sources */ = {isa = PBXBuildFile; fileRef = AA100004 /* CGRect+Extensions.swift */; };
		AA000005 /* ScreenCaptureManager.swift in Sources */ = {isa = PBXBuildFile; fileRef = AA100005 /* ScreenCaptureManager.swift */; };
		AA000006 /* MirrorViewModel.swift in Sources */ = {isa = PBXBuildFile; fileRef = AA100006 /* MirrorViewModel.swift */; };
		AA000007 /* MirrorView.swift in Sources */ = {isa = PBXBuildFile; fileRef = AA100007 /* MirrorView.swift */; };
		AA000008 /* MirrorWindow.swift in Sources */ = {isa = PBXBuildFile; fileRef = AA100008 /* MirrorWindow.swift */; };
		AA000030 /* MirrorControlsView.swift in Sources */ = {isa = PBXBuildFile; fileRef = AA100030 /* MirrorControlsView.swift */; };
		AA000031 /* MirrorControlsWindow.swift in Sources */ = {isa = PBXBuildFile; fileRef = AA100031 /* MirrorControlsWindow.swift */; };
		AA000009 /* SelectionView.swift in Sources */ = {isa = PBXBuildFile; fileRef = AA100009 /* SelectionView.swift */; };
		AA000010 /* SelectionOverlayWindow.swift in Sources */ = {isa = PBXBuildFile; fileRef = AA100010 /* SelectionOverlayWindow.swift */; };
		AA000011 /* Assets.xcassets in Resources */ = {isa = PBXBuildFile; fileRef = AA100011 /* Assets.xcassets */; };
		AA000012 /* ScreenCaptureKit.framework in Frameworks */ = {isa = PBXBuildFile; fileRef = AA100012 /* ScreenCaptureKit.framework */; };
		AA000020 /* LocalizationManager.swift in Sources */ = {isa = PBXBuildFile; fileRef = AA100020 /* LocalizationManager.swift */; };
		AA000021 /* AppStrings.swift in Sources */ = {isa = PBXBuildFile; fileRef = AA100021 /* AppStrings.swift */; };
		AA000022 /* SettingsView.swift in Sources */ = {isa = PBXBuildFile; fileRef = AA100022 /* SettingsView.swift */; };
		AA000023 /* SettingsWindowController.swift in Sources */ = {isa = PBXBuildFile; fileRef = AA100023 /* SettingsWindowController.swift */; };
/* End PBXBuildFile section */

/* Begin PBXFileReference section */
		AA100001 /* IllusionApp.swift */ = {isa = PBXFileReference; lastKnownFileType = sourcecode.swift; path = IllusionApp.swift; sourceTree = "<group>"; };
		AA100002 /* AppDelegate.swift */ = {isa = PBXFileReference; lastKnownFileType = sourcecode.swift; path = AppDelegate.swift; sourceTree = "<group>"; };
		AA100003 /* MirrorRegion.swift */ = {isa = PBXFileReference; lastKnownFileType = sourcecode.swift; path = MirrorRegion.swift; sourceTree = "<group>"; };
		AA100004 /* CGRect+Extensions.swift */ = {isa = PBXFileReference; lastKnownFileType = sourcecode.swift; path = "CGRect+Extensions.swift"; sourceTree = "<group>"; };
		AA100005 /* ScreenCaptureManager.swift */ = {isa = PBXFileReference; lastKnownFileType = sourcecode.swift; path = ScreenCaptureManager.swift; sourceTree = "<group>"; };
		AA100006 /* MirrorViewModel.swift */ = {isa = PBXFileReference; lastKnownFileType = sourcecode.swift; path = MirrorViewModel.swift; sourceTree = "<group>"; };
		AA100007 /* MirrorView.swift */ = {isa = PBXFileReference; lastKnownFileType = sourcecode.swift; path = MirrorView.swift; sourceTree = "<group>"; };
		AA100008 /* MirrorWindow.swift */ = {isa = PBXFileReference; lastKnownFileType = sourcecode.swift; path = MirrorWindow.swift; sourceTree = "<group>"; };
		AA100030 /* MirrorControlsView.swift */ = {isa = PBXFileReference; lastKnownFileType = sourcecode.swift; path = MirrorControlsView.swift; sourceTree = "<group>"; };
		AA100031 /* MirrorControlsWindow.swift */ = {isa = PBXFileReference; lastKnownFileType = sourcecode.swift; path = MirrorControlsWindow.swift; sourceTree = "<group>"; };
		AA100009 /* SelectionView.swift */ = {isa = PBXFileReference; lastKnownFileType = sourcecode.swift; path = SelectionView.swift; sourceTree = "<group>"; };
		AA100010 /* SelectionOverlayWindow.swift */ = {isa = PBXFileReference; lastKnownFileType = sourcecode.swift; path = SelectionOverlayWindow.swift; sourceTree = "<group>"; };
		AA100011 /* Assets.xcassets */ = {isa = PBXFileReference; lastKnownFileType = folder.assetcatalog; path = Assets.xcassets; sourceTree = "<group>"; };
		AA100012 /* ScreenCaptureKit.framework */ = {isa = PBXFileReference; lastKnownFileType = wrapper.framework; name = ScreenCaptureKit.framework; path = System/Library/Frameworks/ScreenCaptureKit.framework; sourceTree = SDKROOT; };
		AA100013 /* Info.plist */ = {isa = PBXFileReference; lastKnownFileType = text.plist.xml; path = Info.plist; sourceTree = "<group>"; };
		AA100020 /* LocalizationManager.swift */ = {isa = PBXFileReference; lastKnownFileType = sourcecode.swift; path = LocalizationManager.swift; sourceTree = "<group>"; };
		AA100021 /* AppStrings.swift */ = {isa = PBXFileReference; lastKnownFileType = sourcecode.swift; path = AppStrings.swift; sourceTree = "<group>"; };
		AA100022 /* SettingsView.swift */ = {isa = PBXFileReference; lastKnownFileType = sourcecode.swift; path = SettingsView.swift; sourceTree = "<group>"; };
		AA100023 /* SettingsWindowController.swift */ = {isa = PBXFileReference; lastKnownFileType = sourcecode.swift; path = SettingsWindowController.swift; sourceTree = "<group>"; };
		AAPROD001 /* IllusionApp.app */ = {isa = PBXFileReference; explicitFileType = wrapper.application; includeInIndex = 0; path = IllusionApp.app; sourceTree = BUILT_PRODUCTS_DIR; };
/* End PBXFileReference section */

/* Begin PBXFrameworksBuildPhase section */
		AABP0001 /* Frameworks */ = {
			isa = PBXFrameworksBuildPhase;
			buildActionMask = 2147483647;
			files = (
				AA000012 /* ScreenCaptureKit.framework in Frameworks */,
			);
			runOnlyForDeploymentPostprocessing = 0;
		};
/* End PBXFrameworksBuildPhase section */

/* Begin PBXGroup section */
		AAGRP0000 /* root */ = {
			isa = PBXGroup;
			children = (
				AAGRP0001 /* IllusionApp */,
				AAGRP00FF /* Frameworks */,
				AAGRP00FE /* Products */,
			);
			sourceTree = "<group>";
		};
		AAGRP0001 /* IllusionApp */ = {
			isa = PBXGroup;
			children = (
				AAGRP0002 /* App */,
				AAGRP0003 /* Features */,
				AAGRP0006 /* Shared */,
				AAGRP0009 /* Resources */,
			);
			name = IllusionApp;
			path = IllusionApp;
			sourceTree = "<group>";
		};
		AAGRP0002 /* App */ = {
			isa = PBXGroup;
			children = (
				AA100001 /* IllusionApp.swift */,
				AA100002 /* AppDelegate.swift */,
			);
			path = App;
			sourceTree = "<group>";
		};
		AAGRP0003 /* Features */ = {
			isa = PBXGroup;
			children = (
				AAGRP0004 /* Selection */,
				AAGRP0005 /* Mirror */,
				AAGRP0008 /* Capture */,
				AAGRP0011 /* Settings */,
			);
			path = Features;
			sourceTree = "<group>";
		};
		AAGRP0004 /* Selection */ = {
			isa = PBXGroup;
			children = (
				AA100009 /* SelectionView.swift */,
				AA100010 /* SelectionOverlayWindow.swift */,
			);
			path = Selection;
			sourceTree = "<group>";
		};
		AAGRP0005 /* Mirror */ = {
			isa = PBXGroup;
			children = (
				AA100006 /* MirrorViewModel.swift */,
				AA100007 /* MirrorView.swift */,
				AA100008 /* MirrorWindow.swift */,
				AA100030 /* MirrorControlsView.swift */,
				AA100031 /* MirrorControlsWindow.swift */,
			);
			path = Mirror;
			sourceTree = "<group>";
		};
		AAGRP0006 /* Shared */ = {
			isa = PBXGroup;
			children = (
				AAGRP0007 /* Models */,
				AAGRP00EX /* Extensions */,
				AAGRP0010 /* Localization */,
			);
			path = Shared;
			sourceTree = "<group>";
		};
		AAGRP0007 /* Models */ = {
			isa = PBXGroup;
			children = (
				AA100003 /* MirrorRegion.swift */,
			);
			path = Models;
			sourceTree = "<group>";
		};
		AAGRP00EX /* Extensions */ = {
			isa = PBXGroup;
			children = (
				AA100004 /* CGRect+Extensions.swift */,
			);
			path = Extensions;
			sourceTree = "<group>";
		};
		AAGRP0008 /* Capture */ = {
			isa = PBXGroup;
			children = (
				AA100005 /* ScreenCaptureManager.swift */,
			);
			path = Capture;
			sourceTree = "<group>";
		};
		AAGRP0010 /* Localization */ = {
			isa = PBXGroup;
			children = (
				AA100020 /* LocalizationManager.swift */,
				AA100021 /* AppStrings.swift */,
			);
			path = Localization;
			sourceTree = "<group>";
		};
		AAGRP0011 /* Settings */ = {
			isa = PBXGroup;
			children = (
				AA100022 /* SettingsView.swift */,
				AA100023 /* SettingsWindowController.swift */,
			);
			path = Settings;
			sourceTree = "<group>";
		};
		AAGRP0009 /* Resources */ = {
			isa = PBXGroup;
			children = (
				AA100011 /* Assets.xcassets */,
				AA100013 /* Info.plist */,
			);
			path = Resources;
			sourceTree = "<group>";
		};
		AAGRP00FF /* Frameworks */ = {
			isa = PBXGroup;
			children = (
				AA100012 /* ScreenCaptureKit.framework */,
			);
			name = Frameworks;
			sourceTree = "<group>";
		};
		AAGRP00FE /* Products */ = {
			isa = PBXGroup;
			children = (
				AAPROD001 /* IllusionApp.app */,
			);
			name = Products;
			sourceTree = "<group>";
		};
/* End PBXGroup section */

/* Begin PBXNativeTarget section */
		AATGT0001 /* IllusionApp */ = {
			isa = PBXNativeTarget;
			buildConfigurationList = AACFL0001 /* Build configuration list for PBXNativeTarget "IllusionApp" */;
			buildPhases = (
				AABP0002 /* Sources */,
				AABP0001 /* Frameworks */,
				AABP0003 /* Resources */,
			);
			buildRules = (
			);
			dependencies = (
			);
			name = IllusionApp;
			productName = IllusionApp;
			productReference = AAPROD001 /* IllusionApp.app */;
			productType = "com.apple.product-type.application";
		};
/* End PBXNativeTarget section */

/* Begin PBXProject section */
		AAPROJ001 /* Project object */ = {
			isa = PBXProject;
			attributes = {
				BuildIndependentTargetsInParallel = 1;
				LastSwiftUpdateCheck = 1500;
				LastUpgradeCheck = 2630;
				ORGANIZATIONNAME = "IllusionApp";
				TargetAttributes = {
					AATGT0001 = {
						CreatedOnToolsVersion = 15.0;
					};
				};
			};
			buildConfigurationList = AACFL0000 /* Build configuration list for PBXProject "IllusionApp" */;
			compatibilityVersion = "Xcode 14.0";
			developmentRegion = en;
			hasScannedForEncodings = 0;
			knownRegions = (
				en,
				Base,
			);
			mainGroup = AAGRP0000;
			productRefGroup = AAGRP00FE /* Products */;
			projectDirPath = "";
			projectRoot = "";
			targets = (
				AATGT0001 /* IllusionApp */,
			);
		};
/* End PBXProject section */

/* Begin PBXResourcesBuildPhase section */
		AABP0003 /* Resources */ = {
			isa = PBXResourcesBuildPhase;
			buildActionMask = 2147483647;
			files = (
				AA000011 /* Assets.xcassets in Resources */,
			);
			runOnlyForDeploymentPostprocessing = 0;
		};
/* End PBXResourcesBuildPhase section */

/* Begin PBXSourcesBuildPhase section */
		AABP0002 /* Sources */ = {
			isa = PBXSourcesBuildPhase;
			buildActionMask = 2147483647;
			files = (
				AA000001 /* IllusionApp.swift in Sources */,
				AA000002 /* AppDelegate.swift in Sources */,
				AA000003 /* MirrorRegion.swift in Sources */,
				AA000004 /* CGRect+Extensions.swift in Sources */,
				AA000005 /* ScreenCaptureManager.swift in Sources */,
				AA000006 /* MirrorViewModel.swift in Sources */,
				AA000007 /* MirrorView.swift in Sources */,
				AA000008 /* MirrorWindow.swift in Sources */,
				AA000030 /* MirrorControlsView.swift in Sources */,
				AA000031 /* MirrorControlsWindow.swift in Sources */,
				AA000009 /* SelectionView.swift in Sources */,
				AA000010 /* SelectionOverlayWindow.swift in Sources */,
				AA000020 /* LocalizationManager.swift in Sources */,
				AA000021 /* AppStrings.swift in Sources */,
				AA000022 /* SettingsView.swift in Sources */,
				AA000023 /* SettingsWindowController.swift in Sources */,
			);
			runOnlyForDeploymentPostprocessing = 0;
		};
/* End PBXSourcesBuildPhase section */

/* Begin XCBuildConfiguration section */
		AAXBC0001 /* Debug */ = {
			isa = XCBuildConfiguration;
			buildSettings = {
				ALWAYS_SEARCH_USER_PATHS = NO;
				ASSETCATALOG_COMPILER_GENERATE_SWIFT_ASSET_SYMBOL_EXTENSIONS = YES;
				CLANG_ANALYZER_NONNULL = YES;
				CLANG_ANALYZER_NUMBER_OBJECT_CONVERSION = YES_AGGRESSIVE;
				CLANG_CXX_LANGUAGE_STANDARD = "gnu++20";
				CLANG_ENABLE_MODULES = YES;
				CLANG_ENABLE_OBJC_ARC = YES;
				CLANG_ENABLE_OBJC_WEAK = YES;
				CLANG_WARN_BLOCK_CAPTURE_AUTORELEASING = YES;
				CLANG_WARN_BOOL_CONVERSION = YES;
				CLANG_WARN_COMMA = YES;
				CLANG_WARN_CONSTANT_CONVERSION = YES;
				CLANG_WARN_DEPRECATED_OBJC_IMPLEMENTATIONS = YES;
				CLANG_WARN_DIRECT_OBJC_ISA_USAGE = YES_ERROR;
				CLANG_WARN_DOCUMENTATION_COMMENTS = YES;
				CLANG_WARN_EMPTY_BODY = YES;
				CLANG_WARN_ENUM_CONVERSION = YES;
				CLANG_WARN_INFINITE_RECURSION = YES;
				CLANG_WARN_INT_CONVERSION = YES;
				CLANG_WARN_NON_LITERAL_NULL_CONVERSION = YES;
				CLANG_WARN_OBJC_IMPLICIT_RETAIN_CYCLES = YES;
				CLANG_WARN_OBJC_LITERAL_CONVERSION = YES;
				CLANG_WARN_OBJC_ROOT_CLASS = YES_ERROR;
				CLANG_WARN_QUOTED_INCLUDE_IN_FRAMEWORK_HEADER = YES;
				CLANG_WARN_RANGE_LOOP_ANALYSIS = YES;
				CLANG_WARN_STRICT_PROTOTYPES = YES;
				CLANG_WARN_SUSPICIOUS_MOVE = YES;
				CLANG_WARN_UNGUARDED_AVAILABILITY = YES_AGGRESSIVE;
				CLANG_WARN_UNREACHABLE_CODE = YES;
				CLANG_WARN__DUPLICATE_METHOD_MATCH = YES;
				COPY_PHASE_STRIP = NO;
				DEBUG_INFORMATION_FORMAT = dwarf;
				ENABLE_STRICT_OBJC_MSGSEND = YES;
				ENABLE_TESTABILITY = YES;
				ENABLE_USER_SCRIPT_SANDBOXING = YES;
				GCC_C_LANGUAGE_STANDARD = gnu17;
				GCC_DYNAMIC_NO_PIC = NO;
				GCC_NO_COMMON_BLOCKS = YES;
				GCC_OPTIMIZATION_LEVEL = 0;
				GCC_PREPROCESSOR_DEFINITIONS = (
					"DEBUG=1",
					"$(inherited)",
				);
				GCC_WARN_64_TO_32_BIT_CONVERSION = YES;
				GCC_WARN_ABOUT_RETURN_TYPE = YES_ERROR;
				GCC_WARN_UNDECLARED_SELECTOR = YES;
				GCC_WARN_UNINITIALIZED_AUTOS = YES_AGGRESSIVE;
				GCC_WARN_UNUSED_FUNCTION = YES;
				GCC_WARN_UNUSED_VARIABLE = YES;
				LOCALIZATION_PREFERS_STRING_CATALOGS = YES;
				MACOSX_DEPLOYMENT_TARGET = 26.0;
				MTL_ENABLE_DEBUG_INFO = INCLUDE_SOURCE;
				MTL_FAST_MATH = YES;
				ONLY_ACTIVE_ARCH = YES;
				SDKROOT = macosx;
				SWIFT_ACTIVE_COMPILATION_CONDITIONS = "DEBUG $(inherited)";
				SWIFT_OPTIMIZATION_LEVEL = "-Onone";
			};
			name = Debug;
		};
		AAXBC0002 /* Release */ = {
			isa = XCBuildConfiguration;
			buildSettings = {
				ALWAYS_SEARCH_USER_PATHS = NO;
				ASSETCATALOG_COMPILER_GENERATE_SWIFT_ASSET_SYMBOL_EXTENSIONS = YES;
				CLANG_ANALYZER_NONNULL = YES;
				CLANG_ANALYZER_NUMBER_OBJECT_CONVERSION = YES_AGGRESSIVE;
				CLANG_CXX_LANGUAGE_STANDARD = "gnu++20";
				CLANG_ENABLE_MODULES = YES;
				CLANG_ENABLE_OBJC_ARC = YES;
				CLANG_ENABLE_OBJC_WEAK = YES;
				CLANG_WARN_BLOCK_CAPTURE_AUTORELEASING = YES;
				CLANG_WARN_BOOL_CONVERSION = YES;
				CLANG_WARN_COMMA = YES;
				CLANG_WARN_CONSTANT_CONVERSION = YES;
				CLANG_WARN_DEPRECATED_OBJC_IMPLEMENTATIONS = YES;
				CLANG_WARN_DIRECT_OBJC_ISA_USAGE = YES_ERROR;
				CLANG_WARN_DOCUMENTATION_COMMENTS = YES;
				CLANG_WARN_EMPTY_BODY = YES;
				CLANG_WARN_ENUM_CONVERSION = YES;
				CLANG_WARN_INFINITE_RECURSION = YES;
				CLANG_WARN_INT_CONVERSION = YES;
				CLANG_WARN_NON_LITERAL_NULL_CONVERSION = YES;
				CLANG_WARN_OBJC_IMPLICIT_RETAIN_CYCLES = YES;
				CLANG_WARN_OBJC_LITERAL_CONVERSION = YES;
				CLANG_WARN_OBJC_ROOT_CLASS = YES_ERROR;
				CLANG_WARN_QUOTED_INCLUDE_IN_FRAMEWORK_HEADER = YES;
				CLANG_WARN_RANGE_LOOP_ANALYSIS = YES;
				CLANG_WARN_STRICT_PROTOTYPES = YES;
				CLANG_WARN_SUSPICIOUS_MOVE = YES;
				CLANG_WARN_UNGUARDED_AVAILABILITY = YES_AGGRESSIVE;
				CLANG_WARN_UNREACHABLE_CODE = YES;
				CLANG_WARN__DUPLICATE_METHOD_MATCH = YES;
				COPY_PHASE_STRIP = NO;
				DEBUG_INFORMATION_FORMAT = "dwarf-with-dsym";
				ENABLE_NS_ASSERTIONS = NO;
				ENABLE_STRICT_OBJC_MSGSEND = YES;
				ENABLE_USER_SCRIPT_SANDBOXING = YES;
				GCC_C_LANGUAGE_STANDARD = gnu17;
				GCC_NO_COMMON_BLOCKS = YES;
				GCC_WARN_64_TO_32_BIT_CONVERSION = YES;
				GCC_WARN_ABOUT_RETURN_TYPE = YES_ERROR;
				GCC_WARN_UNDECLARED_SELECTOR = YES;
				GCC_WARN_UNINITIALIZED_AUTOS = YES_AGGRESSIVE;
				GCC_WARN_UNUSED_FUNCTION = YES;
				GCC_WARN_UNUSED_VARIABLE = YES;
				LOCALIZATION_PREFERS_STRING_CATALOGS = YES;
				MACOSX_DEPLOYMENT_TARGET = 26.0;
				MTL_FAST_MATH = YES;
				SDKROOT = macosx;
				SWIFT_COMPILATION_MODE = wholemodule;
			};
			name = Release;
		};
		AAXBC0003 /* Debug */ = {
			isa = XCBuildConfiguration;
			buildSettings = {
				ASSETCATALOG_COMPILER_APPICON_NAME = AppIcon;
				ASSETCATALOG_COMPILER_GLOBAL_ACCENT_COLOR_NAME = AccentColor;
				CODE_SIGN_ENTITLEMENTS = IllusionApp/IllusionApp.entitlements;
				CODE_SIGN_STYLE = Automatic;
				COMBINE_HIDPI_IMAGES = YES;
				CURRENT_PROJECT_VERSION = 1;
				DEVELOPMENT_ASSET_PATHS = "";
				ENABLE_PREVIEWS = YES;
				GENERATE_INFOPLIST_FILE = NO;
				INFOPLIST_FILE = IllusionApp/Resources/Info.plist;
				LD_RUNPATH_SEARCH_PATHS = (
					"$(inherited)",
					"@executable_path/../Frameworks",
				);
				MARKETING_VERSION = 1.0;
				PRODUCT_BUNDLE_IDENTIFIER = com.illusionapp.app;
				PRODUCT_NAME = "$(TARGET_NAME)";
				SWIFT_EMIT_LOC_STRINGS = YES;
				SWIFT_VERSION = 6.0;
				MACOSX_DEPLOYMENT_TARGET = 26.0;
			};
			name = Debug;
		};
		AAXBC0004 /* Release */ = {
			isa = XCBuildConfiguration;
			buildSettings = {
				ASSETCATALOG_COMPILER_APPICON_NAME = AppIcon;
				ASSETCATALOG_COMPILER_GLOBAL_ACCENT_COLOR_NAME = AccentColor;
				CODE_SIGN_ENTITLEMENTS = IllusionApp/IllusionApp.entitlements;
				CODE_SIGN_STYLE = Automatic;
				COMBINE_HIDPI_IMAGES = YES;
				CURRENT_PROJECT_VERSION = 1;
				DEVELOPMENT_ASSET_PATHS = "";
				ENABLE_PREVIEWS = YES;
				GENERATE_INFOPLIST_FILE = NO;
				INFOPLIST_FILE = IllusionApp/Resources/Info.plist;
				LD_RUNPATH_SEARCH_PATHS = (
					"$(inherited)",
					"@executable_path/../Frameworks",
				);
				MARKETING_VERSION = 1.0;
				PRODUCT_BUNDLE_IDENTIFIER = com.illusionapp.app;
				PRODUCT_NAME = "$(TARGET_NAME)";
				SWIFT_EMIT_LOC_STRINGS = YES;
				SWIFT_VERSION = 6.0;
				MACOSX_DEPLOYMENT_TARGET = 26.0;
			};
			name = Release;
		};
/* End XCBuildConfiguration section */

/* Begin XCConfigurationList section */
		AACFL0000 /* Build configuration list for PBXProject "IllusionApp" */ = {
			isa = XCConfigurationList;
			buildConfigurations = (
				AAXBC0001 /* Debug */,
				AAXBC0002 /* Release */,
			);
			defaultConfigurationIsVisible = 0;
			defaultConfigurationName = Release;
		};
		AACFL0001 /* Build configuration list for PBXNativeTarget "IllusionApp" */ = {
			isa = XCConfigurationList;
			buildConfigurations = (
				AAXBC0003 /* Debug */,
				AAXBC0004 /* Release */,
			);
			defaultConfigurationIsVisible = 0;
			defaultConfigurationName = Release;
		};
/* End XCConfigurationList section */

	};
	rootObject = AAPROJ001 /* Project object */;
}
